{
  "name": "rollup-plugin-unused",
  "version": "0.0.0",
  "lockfileVersion": 1,
  "requires": true,
  "dependencies": {
    "@rollup/plugin-node-resolve": {
      "version": "7.0.0",
      "dev": true,
      "requires": {
        "@rollup/pluginutils": "^3.0.0",
        "@types/resolve": "0.0.8",
        "builtin-modules": "^3.1.0",
        "is-module": "^1.0.0",
        "resolve": "^1.11.1"
      },
      "dependencies": {
        "@rollup/pluginutils": {
          "version": "3.0.4",
          "resolved": "https://registry.npmjs.org/@rollup/pluginutils/-/pluginutils-3.0.4.tgz",
          "integrity": "sha512-buc0oeq2zqQu2mpMyvZgAaQvitikYjT/4JYhA4EXwxX8/g0ZGHoGiX+0AwmfhrNqH4oJv67gn80sTZFQ/jL1bw==",
          "dev": true,
          "requires": {
            "estree-walker": "^0.6.1"
          }
        },
        "@types/node": {
          "version": "13.5.0",
          "resolved": "https://registry.npmjs.org/@types/node/-/node-13.5.0.tgz",
          "integrity": "sha512-Onhn+z72D2O2Pb2ql2xukJ55rglumsVo1H6Fmyi8mlU9SvKdBk/pUSUAiBY/d9bAOF7VVWajX3sths/+g6ZiAQ==",
          "dev": true
        },
        "@types/resolve": {
          "version": "0.0.8",
          "resolved": "https://registry.npmjs.org/@types/resolve/-/resolve-0.0.8.tgz",
          "integrity": "sha512-auApPaJf3NPfe18hSoJkp8EbZzer2ISk7o8mCC3M9he/a04+gbMF97NkpD2S8riMGvm4BMRI59/SZQSaLTKpsQ==",
          "dev": true,
          "requires": {
            "@types/node": "*"
          }
        },
        "builtin-modules": {
          "version": "3.1.0",
          "resolved": "https://registry.npmjs.org/builtin-modules/-/builtin-modules-3.1.0.tgz",
          "integrity": "sha512-k0KL0aWZuBt2lrxrcASWDfwOLMnodeQjodT/1SxEQAXsHANgo6ZC/VEaSEHCXt7aSTZ4/4H5LKa+tBXmW7Vtvw==",
          "dev": true
        },
        "estree-walker": {
          "version": "0.6.1",
          "resolved": "https://registry.npmjs.org/estree-walker/-/estree-walker-0.6.1.tgz",
          "integrity": "sha512-SqmZANLWS0mnatqbSfRP5g8OXZC12Fgg1IwNtLsyHDzJizORW4khDfjPqJZsemPWBB2uqykUah5YpQ6epsqC/w==",
          "dev": true
        },
        "is-module": {
          "version": "1.0.0",
          "resolved": "https://registry.npmjs.org/is-module/-/is-module-1.0.0.tgz",
          "integrity": "sha1-Mlj7afeMFNW4FdZkM2tM/7ZEFZE=",
          "dev": true
        },
        "path-parse": {
          "version": "1.0.6",
          "resolved": "https://registry.npmjs.org/path-parse/-/path-parse-1.0.6.tgz",
          "integrity": "sha512-GSmOT2EbHrINBf9SR7CDELwlJ8AENk3Qn7OikK4nFYAu3Ote2+JYNVvkpAEQm3/TLNEJFD/xZJjzyxg3KBWOzw==",
          "dev": true
        },
        "resolve": {
          "version": "1.15.0",
          "resolved": "https://registry.npmjs.org/resolve/-/resolve-1.15.0.tgz",
          "integrity": "sha512-+hTmAldEGE80U2wJJDC1lebb5jWqvTYAfm3YZ1ckk1gBr0MnCqUKlwK1e+anaFljIl+F5tR5IoZcm4ZDA1zMQw==",
          "dev": true,
          "requires": {
            "path-parse": "^1.0.6"
          }
        }
      }
    },
    "@rollup/plugin-typescript": {
      "version": "2.1.0",
      "dev": true,
      "requires": {
        "@rollup/pluginutils": "^3.0.0",
        "resolve": "^1.13.1"
      },
      "dependencies": {
        "@rollup/pluginutils": {
          "version": "3.0.4",
          "resolved": "https://registry.npmjs.org/@rollup/pluginutils/-/pluginutils-3.0.4.tgz",
          "integrity": "sha512-buc0oeq2zqQu2mpMyvZgAaQvitikYjT/4JYhA4EXwxX8/g0ZGHoGiX+0AwmfhrNqH4oJv67gn80sTZFQ/jL1bw==",
          "dev": true,
          "requires": {
            "estree-walker": "^0.6.1"
          }
        },
        "estree-walker": {
          "version": "0.6.1",
          "resolved": "https://registry.npmjs.org/estree-walker/-/estree-walker-0.6.1.tgz",
          "integrity": "sha512-SqmZANLWS0mnatqbSfRP5g8OXZC12Fgg1IwNtLsyHDzJizORW4khDfjPqJZsemPWBB2uqykUah5YpQ6epsqC/w==",
          "dev": true
        },
        "path-parse": {
          "version": "1.0.6",
          "resolved": "https://registry.npmjs.org/path-parse/-/path-parse-1.0.6.tgz",
          "integrity": "sha512-GSmOT2EbHrINBf9SR7CDELwlJ8AENk3Qn7OikK4nFYAu3Ote2+JYNVvkpAEQm3/TLNEJFD/xZJjzyxg3KBWOzw==",
          "dev": true
        },
        "resolve": {
          "version": "1.15.0",
          "resolved": "https://registry.npmjs.org/resolve/-/resolve-1.15.0.tgz",
          "integrity": "sha512-+hTmAldEGE80U2wJJDC1lebb5jWqvTYAfm3YZ1ckk1gBr0MnCqUKlwK1e+anaFljIl+F5tR5IoZcm4ZDA1zMQw==",
          "dev": true,
          "requires": {
            "path-parse": "^1.0.6"
          }
        }
      }
    },
    "@rollup/pluginutils": {
      "version": "3.0.4",
      "resolved": "https://registry.npmjs.org/@rollup/pluginutils/-/pluginutils-3.0.4.tgz",
      "integrity": "sha512-buc0oeq2zqQu2mpMyvZgAaQvitikYjT/4JYhA4EXwxX8/g0ZGHoGiX+0AwmfhrNqH4oJv67gn80sTZFQ/jL1bw==",
      "requires": {
        "estree-walker": "^0.6.1"
      }
    },
    "estree-walker": {
      "version": "0.6.1",
      "resolved": "https://registry.npmjs.org/estree-walker/-/estree-walker-0.6.1.tgz",
      "integrity": "sha512-SqmZANLWS0mnatqbSfRP5g8OXZC12Fgg1IwNtLsyHDzJizORW4khDfjPqJZsemPWBB2uqykUah5YpQ6epsqC/w=="
    },
    "globby": {
      "version": "11.0.0",
      "requires": {
        "array-union": "^2.1.0",
        "dir-glob": "^3.0.1",
        "fast-glob": "^3.1.1",
        "ignore": "^5.1.4",
        "merge2": "^1.3.0",
        "slash": "^3.0.0"
      },
      "dependencies": {
        "@nodelib/fs.scandir": {
          "version": "2.1.3",
          "resolved": "https://registry.npmjs.org/@nodelib/fs.scandir/-/fs.scandir-2.1.3.tgz",
          "integrity": "sha512-eGmwYQn3gxo4r7jdQnkrrN6bY478C3P+a/y72IJukF8LjB6ZHeB3c+Ehacj3sYeSmUXGlnA67/PmbM9CVwL7Dw==",
          "requires": {
            "@nodelib/fs.stat": "2.0.3",
            "run-parallel": "^1.1.9"
          }
        },
        "@nodelib/fs.stat": {
          "version": "2.0.3",
          "resolved": "https://registry.npmjs.org/@nodelib/fs.stat/-/fs.stat-2.0.3.tgz",
          "integrity": "sha512-bQBFruR2TAwoevBEd/NWMoAAtNGzTRgdrqnYCc7dhzfoNvqPzLyqlEQnzZ3kVnNrSp25iyxE00/3h2fqGAGArA=="
        },
        "@nodelib/fs.walk": {
          "version": "1.2.4",
          "resolved": "https://registry.npmjs.org/@nodelib/fs.walk/-/fs.walk-1.2.4.tgz",
          "integrity": "sha512-1V9XOY4rDW0rehzbrcqAmHnz8e7SKvX27gh8Gt2WgB0+pdzdiLV83p72kZPU+jvMbS1qU5mauP2iOvO8rhmurQ==",
          "requires": {
            "@nodelib/fs.scandir": "2.1.3",
            "fastq": "^1.6.0"
          }
        },
        "array-union": {
          "version": "2.1.0",
          "resolved": "https://registry.npmjs.org/array-union/-/array-union-2.1.0.tgz",
          "integrity": "sha512-HGyxoOTYUyCM6stUe6EJgnd4EoewAI7zMdfqO+kGjnlZmBDz/cR5pf8r/cR4Wq60sL/p0IkcjUEEPwS3GFrIyw=="
        },
        "braces": {
          "version": "3.0.2",
          "resolved": "https://registry.npmjs.org/braces/-/braces-3.0.2.tgz",
          "integrity": "sha512-b8um+L1RzM3WDSzvhm6gIz1yfTbBt6YTlcEKAvsmqCZZFw46z626lVj9j1yEPW33H5H+lBQpZMP1k8l+78Ha0A==",
          "requires": {
            "fill-range": "^7.0.1"
          }
        },
        "dir-glob": {
          "version": "3.0.1",
          "resolved": "https://registry.npmjs.org/dir-glob/-/dir-glob-3.0.1.tgz",
          "integrity": "sha512-WkrWp9GR4KXfKGYzOLmTuGVi1UWFfws377n9cc55/tb6DuqyF6pcQ5AbiHEshaDpY9v6oaSr2XCDidGmMwdzIA==",
          "requires": {
            "path-type": "^4.0.0"
          }
        },
        "fast-glob": {
          "version": "3.1.1",
          "resolved": "https://registry.npmjs.org/fast-glob/-/fast-glob-3.1.1.tgz",
          "integrity": "sha512-nTCREpBY8w8r+boyFYAx21iL6faSsQynliPHM4Uf56SbkyohCNxpVPEH9xrF5TXKy+IsjkPUHDKiUkzBVRXn9g==",
          "requires": {
            "@nodelib/fs.stat": "^2.0.2",
            "@nodelib/fs.walk": "^1.2.3",
            "glob-parent": "^5.1.0",
            "merge2": "^1.3.0",
            "micromatch": "^4.0.2"
          }
        },
        "fastq": {
          "version": "1.6.0",
          "resolved": "https://registry.npmjs.org/fastq/-/fastq-1.6.0.tgz",
          "integrity": "sha512-jmxqQ3Z/nXoeyDmWAzF9kH1aGZSis6e/SbfPmJpUnyZ0ogr6iscHQaml4wsEepEWSdtmpy+eVXmCRIMpxaXqOA==",
          "requires": {
            "reusify": "^1.0.0"
          }
        },
        "fill-range": {
          "version": "7.0.1",
          "resolved": "https://registry.npmjs.org/fill-range/-/fill-range-7.0.1.tgz",
          "integrity": "sha512-qOo9F+dMUmC2Lcb4BbVvnKJxTPjCm+RRpe4gDuGrzkL7mEVl/djYSu2OdQ2Pa302N4oqkSg9ir6jaLWJ2USVpQ==",
          "requires": {
            "to-regex-range": "^5.0.1"
          }
        },
        "glob-parent": {
          "version": "5.1.0",
          "resolved": "https://registry.npmjs.org/glob-parent/-/glob-parent-5.1.0.tgz",
          "integrity": "sha512-qjtRgnIVmOfnKUE3NJAQEdk+lKrxfw8t5ke7SXtfMTHcjsBfOfWXCQfdb30zfDoZQ2IRSIiidmjtbHZPZ++Ihw==",
          "requires": {
            "is-glob": "^4.0.1"
          }
        },
        "ignore": {
          "version": "5.1.4",
          "resolved": "https://registry.npmjs.org/ignore/-/ignore-5.1.4.tgz",
          "integrity": "sha512-MzbUSahkTW1u7JpKKjY7LCARd1fU5W2rLdxlM4kdkayuCwZImjkpluF9CM1aLewYJguPDqewLam18Y6AU69A8A=="
        },
        "is-extglob": {
          "version": "2.1.1",
          "resolved": "https://registry.npmjs.org/is-extglob/-/is-extglob-2.1.1.tgz",
          "integrity": "sha1-qIwCU1eR8C7TfHahueqXc8gz+MI="
        },
        "is-glob": {
          "version": "4.0.1",
          "resolved": "https://registry.npmjs.org/is-glob/-/is-glob-4.0.1.tgz",
          "integrity": "sha512-5G0tKtBTFImOqDnLB2hG6Bp2qcKEFduo4tZu9MT/H6NQv/ghhy30o55ufafxJ/LdH79LLs2Kfrn85TLKyA7BUg==",
          "requires": {
            "is-extglob": "^2.1.1"
          }
        },
        "is-number": {
          "version": "7.0.0",
          "resolved": "https://registry.npmjs.org/is-number/-/is-number-7.0.0.tgz",
          "integrity": "sha512-41Cifkg6e8TylSpdtTpeLVMqvSBEVzTttHvERD741+pnZ8ANv0004MRL43QKPDlK9cGvNp6NZWZUBlbGXYxxng=="
        },
        "merge2": {
          "version": "1.3.0",
          "resolved": "https://registry.npmjs.org/merge2/-/merge2-1.3.0.tgz",
          "integrity": "sha512-2j4DAdlBOkiSZIsaXk4mTE3sRS02yBHAtfy127xRV3bQUFqXkjHCHLW6Scv7DwNRbIWNHH8zpnz9zMaKXIdvYw=="
        },
        "micromatch": {
          "version": "4.0.2",
          "resolved": "https://registry.npmjs.org/micromatch/-/micromatch-4.0.2.tgz",
          "integrity": "sha512-y7FpHSbMUMoyPbYUSzO6PaZ6FyRnQOpHuKwbo1G+Knck95XVU4QAiKdGEnj5wwoS7PlOgthX/09u5iFJ+aYf5Q==",
          "requires": {
            "braces": "^3.0.1",
            "picomatch": "^2.0.5"
          }
        },
        "path-type": {
          "version": "4.0.0",
          "resolved": "https://registry.npmjs.org/path-type/-/path-type-4.0.0.tgz",
          "integrity": "sha512-gDKb8aZMDeD/tZWs9P6+q0J9Mwkdl6xMV8TjnGP3qJVJ06bdMgkbBlLU8IdfOsIsFz2BW1rNVT3XuNEl8zPAvw=="
        },
        "picomatch": {
          "version": "2.2.1",
          "resolved": "https://registry.npmjs.org/picomatch/-/picomatch-2.2.1.tgz",
          "integrity": "sha512-ISBaA8xQNmwELC7eOjqFKMESB2VIqt4PPDD0nsS95b/9dZXvVKOlz9keMSnoGGKcOHXfTvDD6WMaRoSc9UuhRA=="
        },
        "reusify": {
          "version": "1.0.4",
          "resolved": "https://registry.npmjs.org/reusify/-/reusify-1.0.4.tgz",
          "integrity": "sha512-U9nH88a3fc/ekCF1l0/UP1IosiuIjyTh7hBvXVMHYgVcfGvt897Xguj2UOLDeI5BG2m7/uwyaLVT6fbtCwTyzw=="
        },
        "run-parallel": {
          "version": "1.1.9",
          "resolved": "https://registry.npmjs.org/run-parallel/-/run-parallel-1.1.9.tgz",
          "integrity": "sha512-DEqnSRTDw/Tc3FXf49zedI638Z9onwUotBMiUFKmrO2sdFKIbXamXGQ3Axd4qgphxKB4kw/qP1w5kTxnfU1B9Q=="
        },
        "slash": {
          "version": "3.0.0",
          "resolved": "https://registry.npmjs.org/slash/-/slash-3.0.0.tgz",
          "integrity": "sha512-g9Q1haeby36OSStwb4ntCGGGaKsaVSjQ68fBxoQcutl5fS1vuY18H3wSt3jFyFtrkx+Kz0V1G85A4MyAdDMi2Q=="
        },
        "to-regex-range": {
          "version": "5.0.1",
          "resolved": "https://registry.npmjs.org/to-regex-range/-/to-regex-range-5.0.1.tgz",
          "integrity": "sha512-65P7iz6X5yEr1cwcgvQxbbIw7Uk3gOy5dIdtZ4rDveLqhrdJP+Li/Hx6tyK0NEb+2GCyneCMJiGqrADCSNk8sQ==",
          "requires": {
            "is-number": "^7.0.0"
          }
        }
      }
    },
    "rollup": {
      "version": "1.29.1",
      "dev": true,
      "requires": {
        "@types/estree": "*",
        "@types/node": "*",
        "acorn": "^7.1.0"
      },
      "dependencies": {
        "@types/estree": {
          "version": "0.0.42",
          "resolved": "https://registry.npmjs.org/@types/estree/-/estree-0.0.42.tgz",
          "integrity": "sha512-K1DPVvnBCPxzD+G51/cxVIoc2X8uUVl1zpJeE6iKcgHMj4+tbat5Xu4TjV7v2QSDbIeAfLi2hIk+u2+s0MlpUQ==",
          "dev": true
        },
        "@types/node": {
          "version": "13.5.0",
          "resolved": "https://registry.npmjs.org/@types/node/-/node-13.5.0.tgz",
          "integrity": "sha512-Onhn+z72D2O2Pb2ql2xukJ55rglumsVo1H6Fmyi8mlU9SvKdBk/pUSUAiBY/d9bAOF7VVWajX3sths/+g6ZiAQ==",
          "dev": true
        },
        "acorn": {
          "version": "7.1.0",
          "resolved": "https://registry.npmjs.org/acorn/-/acorn-7.1.0.tgz",
          "integrity": "sha512-kL5CuoXA/dgxlBbVrflsflzQ3PAas7RYZB52NOm/6839iVYJgKMJ3cQJD+t2i5+qFa8h3MDpEOJiS64E8JLnSQ==",
          "dev": true
        }
      }
    },
    "typescript": {
      "version": "3.7.5",
      "dev": true
    }
  }
}
